
Microsoft Visual Studio Solution File, Format Version 12.00
# Visual Studio 15
VisualStudioVersion = 15.0.27703.2042
MinimumVisualStudioVersion = 10.0.40219.1
Project("{FAE04EC0-301F-11D3-BF4B-00C04F79EFBC}") = "InventoryGood", "InventoryGood\InventoryGood.csproj", "{8CE1CA79-1969-4901-93FF-E27E9CA3E081}"
EndProject
Global
	GlobalSection(SolutionConfigurationPlatforms) = preSolution
		Debug|Any CPU = Debug|Any CPU
		Release|Any CPU = Release|Any CPU
	EndGlobalSection
	GlobalSection(ProjectConfigurationPlatforms) = postSolution
		{8CE1CA79-1969-4901-93FF-E27E9CA3E081}.Debug|Any CPU.ActiveCfg = Debug|Any CPU
		{8CE1CA79-1969-4901-93FF-E27E9CA3E081}.Debug|Any CPU.Build.0 = Debug|Any CPU
		{8CE1CA79-1969-4901-93FF-E27E9CA3E081}.Release|Any CPU.ActiveCfg = Release|Any CPU
		{8CE1CA79-1969-4901-93FF-E27E9CA3E081}.Release|Any CPU.Build.0 = Release|Any CPU
	EndGlobalSection
	GlobalSection(SolutionProperties) = preSolution
		HideSolutionNode = FALSE
	EndGlobalSection
	GlobalSection(ExtensibilityGlobals) = postSolution
		SolutionGuid = {57DBB3A6-9D47-47FC-819B-C8564E22D128}
	EndGlobalSection
EndGlobal
